
Microsoft Visual Studio Solution File, Format Version 12.00
# Visual Studio Version 17
VisualStudioVersion = 17.7.34221.43
MinimumVisualStudioVersion = 10.0.40219.1
Project("{FAE04EC0-301F-11D3-BF4B-00C04F79EFBC}") = "VisitaVehicular", "VisitaVehicular.csproj", "{EFEA6C5C-5238-40FE-A755-56513F47158A}"
EndProject
Global
	GlobalSection(SolutionConfigurationPlatforms) = preSolution
		Debug|Any CPU = Debug|Any CPU
		Release|Any CPU = Release|Any CPU
	EndGlobalSection
	GlobalSection(ProjectConfigurationPlatforms) = postSolution
		{EFEA6C5C-5238-40FE-A755-56513F47158A}.Debug|Any CPU.ActiveCfg = Debug|Any CPU
		{EFEA6C5C-5238-40FE-A755-56513F47158A}.Debug|Any CPU.Build.0 = Debug|Any CPU
		{EFEA6C5C-5238-40FE-A755-56513F47158A}.Release|Any CPU.ActiveCfg = Release|Any CPU
		{EFEA6C5C-5238-40FE-A755-56513F47158A}.Release|Any CPU.Build.0 = Release|Any CPU
	EndGlobalSection
	GlobalSection(SolutionProperties) = preSolution
		HideSolutionNode = FALSE
	EndGlobalSection
	GlobalSection(ExtensibilityGlobals) = postSolution
		SolutionGuid = {8C4412F2-1EC3-4E3D-9C94-BEE336FE4FDB}
	EndGlobalSection
EndGlobal
